Microsoft Visual Studio Solution File, Format Version 11.00
# Visual Studio 2010
Project("{8BC9CEB8-8B4A-11D0-8D11-00A0C91BC942}") = "winhost", "D:/Users/imran/Projects/openmpt/extlib/qtwinmigrate/examples/winhost\winhost.vcxproj", "{2E116351-57A5-3AE6-9E15-83D04F4869ED}"
EndProject
Project("{8BC9CEB8-8B4A-11D0-8D11-00A0C91BC942}") = "winwidget", "D:/Users/imran/Projects/openmpt/extlib/qtwinmigrate/examples/winwidget\winwidget.vcxproj", "{DB6F253F-A231-3839-B7EE-8B660E2AFCC9}"
EndProject
Project("{8BC9CEB8-8B4A-11D0-8D11-00A0C91BC942}") = "qtdialog", "D:/Users/imran/Projects/openmpt/extlib/qtwinmigrate/examples/qtdll\qtdialog.vcxproj", "{05FB8C97-4358-3D4B-BAEA-1E3001CD8121}"
EndProject
Global
	GlobalSection(SolutionConfiguration) = preSolution
		ConfigName.0 = Debug|Win32
		ConfigName.1 = Release|Win32
	EndGlobalSection
	GlobalSection(ProjectDependencies) = postSolution
	EndGlobalSection
	GlobalSection(ProjectConfiguration) = postSolution
		{2E116351-57A5-3AE6-9E15-83D04F4869ED}.Debug|Win32.ActiveCfg = Debug|Win32
		{2E116351-57A5-3AE6-9E15-83D04F4869ED}.Debug|Win32.Build.0 = Debug|Win32
		{2E116351-57A5-3AE6-9E15-83D04F4869ED}.Release|Win32.ActiveCfg = Release|Win32
		{2E116351-57A5-3AE6-9E15-83D04F4869ED}.Release|Win32.Build.0 = Release|Win32
		{DB6F253F-A231-3839-B7EE-8B660E2AFCC9}.Debug|Win32.ActiveCfg = Debug|Win32
		{DB6F253F-A231-3839-B7EE-8B660E2AFCC9}.Debug|Win32.Build.0 = Debug|Win32
		{DB6F253F-A231-3839-B7EE-8B660E2AFCC9}.Release|Win32.ActiveCfg = Release|Win32
		{DB6F253F-A231-3839-B7EE-8B660E2AFCC9}.Release|Win32.Build.0 = Release|Win32
		{05FB8C97-4358-3D4B-BAEA-1E3001CD8121}.Debug|Win32.ActiveCfg = Debug|Win32
		{05FB8C97-4358-3D4B-BAEA-1E3001CD8121}.Debug|Win32.Build.0 = Debug|Win32
		{05FB8C97-4358-3D4B-BAEA-1E3001CD8121}.Release|Win32.ActiveCfg = Release|Win32
		{05FB8C97-4358-3D4B-BAEA-1E3001CD8121}.Release|Win32.Build.0 = Release|Win32
	EndGlobalSection
	GlobalSection(ExtensibilityGlobals) = postSolution
	EndGlobalSection
	GlobalSection(ExtensibilityAddIns) = postSolution
	EndGlobalSection
EndGlobal