Microsoft Visual Studio Solution File, Format Version 12.00
# Visual Studio 2012
Project("{8BC9CEB8-8B4A-11D0-8D11-00A0C91BC942}") = "openmpt-lib", "openmpt-lib\openmpt-lib-vs2012.vcxproj", "{21D95071-FB97-4E69-B3B1-050D0D4A5021}"
EndProject
Project("{8BC9CEB8-8B4A-11D0-8D11-00A0C91BC942}") = "lib_json", "..\extlib\jsoncpp-src-0.5.0\makefiles\vs71\lib_json.vcxproj", "{B84F7231-16CE-41D8-8C08-7B523FF4225B}"
EndProject
Project("{8BC9CEB8-8B4A-11D0-8D11-00A0C91BC942}") = "SoundTouch", "..\extlib\soundtouch\soundtouch_10.vcxproj", "{CF3C2CA5-5D45-4635-BBA4-C1F435E10896}"
EndProject
Project("{8BC9CEB8-8B4A-11D0-8D11-00A0C91BC942}") = "ungzip", "..\extlib\ungzip\ungzip_10.vcxproj", "{94CD7910-649A-4075-9F33-7EBEE614FD45}"
EndProject
Project("{8BC9CEB8-8B4A-11D0-8D11-00A0C91BC942}") = "unlha", "..\extlib\unlha\unlha_10.vcxproj", "{FAE39936-1DC7-40BB-AD3F-3B5B9E9AB0E8}"
EndProject
Project("{8BC9CEB8-8B4A-11D0-8D11-00A0C91BC942}") = "unrar", "..\extlib\unrar\unrar_10.vcxproj", "{FF541CE2-DAA1-4F84-9883-0A0F111BAA0B}"
EndProject
Project("{8BC9CEB8-8B4A-11D0-8D11-00A0C91BC942}") = "unzip", "..\extlib\unzip\unzip_10.vcxproj", "{44316F22-904E-48AA-B841-5A3A6AC77319}"
EndProject
Project("{8BC9CEB8-8B4A-11D0-8D11-00A0C91BC942}") = "zlibstat", "..\extlib\zlib-1.2.5\contrib\vstudio\vc10\zlibstat.vcxproj", "{745DEC58-EBB3-47A9-A9B8-4C6627C01BF8}"
EndProject
Project("{8BC9CEB8-8B4A-11D0-8D11-00A0C91BC942}") = "agg-2.4", "..\extlib\agg-2.4\makefiles\windows\vs2010\agg-2.4\agg-2.4.vcxproj", "{8787FAE9-BB59-4076-B9F8-2E45DF7E512E}"
EndProject
Project("{8BC9CEB8-8B4A-11D0-8D11-00A0C91BC942}") = "qtwinmigrate", "..\extlib\qtwinmigrate\build\qtwinmigrate.vcxproj", "{8CC04471-6F0D-486C-85F7-99F426393524}"
EndProject
Project("{8BC9CEB8-8B4A-11D0-8D11-00A0C91BC942}") = "openmpt", "openmpt\openmpt-vs2012.vcxproj", "{EAF08F88-5108-4DE3-98D7-7F05B2CA6BE7}"
EndProject
Project("{8BC9CEB8-8B4A-11D0-8D11-00A0C91BC942}") = "openmpt-misc", "openmpt-misc\openmpt-misc-vs2012.vcxproj", "{61B5C628-3580-4DD0-A3D7-D02AA942D18B}"
EndProject
Project("{8BC9CEB8-8B4A-11D0-8D11-00A0C91BC942}") = "portaudio", "..\extlib\pa_stable_v19_20140130\build\msvc\portaudio.vcxproj", "{0A18A071-125E-442F-AFF7-A3F68ABECF99}"
EndProject
Project("{8BC9CEB8-8B4A-11D0-8D11-00A0C91BC942}") = "portaudio-cpp-binding", "..\extlib\pa_stable_v19_20140130\bindings\cpp\build\vc7_1\static_library.vcxproj", "{D18EA0C9-8C65-441D-884C-55EB43A84F2A}"
EndProject
Global
	GlobalSection(SolutionConfigurationPlatforms) = preSolution
		Debug|Win32 = Debug|Win32
		Debug|x64 = Debug|x64
		Release|Win32 = Release|Win32
		Release|x64 = Release|x64
	EndGlobalSection
	GlobalSection(ProjectConfigurationPlatforms) = postSolution
		{21D95071-FB97-4E69-B3B1-050D0D4A5021}.Debug|Win32.ActiveCfg = Debug|Win32
		{21D95071-FB97-4E69-B3B1-050D0D4A5021}.Debug|Win32.Build.0 = Debug|Win32
		{21D95071-FB97-4E69-B3B1-050D0D4A5021}.Debug|x64.ActiveCfg = Debug|Win32
		{21D95071-FB97-4E69-B3B1-050D0D4A5021}.Release|Win32.ActiveCfg = Release|Win32
		{21D95071-FB97-4E69-B3B1-050D0D4A5021}.Release|Win32.Build.0 = Release|Win32
		{21D95071-FB97-4E69-B3B1-050D0D4A5021}.Release|x64.ActiveCfg = Release|Win32
		{B84F7231-16CE-41D8-8C08-7B523FF4225B}.Debug|Win32.ActiveCfg = Debug|Win32
		{B84F7231-16CE-41D8-8C08-7B523FF4225B}.Debug|Win32.Build.0 = Debug|Win32
		{B84F7231-16CE-41D8-8C08-7B523FF4225B}.Debug|x64.ActiveCfg = Debug|Win32
		{B84F7231-16CE-41D8-8C08-7B523FF4225B}.Release|Win32.ActiveCfg = Release|Win32
		{B84F7231-16CE-41D8-8C08-7B523FF4225B}.Release|Win32.Build.0 = Release|Win32
		{B84F7231-16CE-41D8-8C08-7B523FF4225B}.Release|x64.ActiveCfg = Release|Win32
		{CF3C2CA5-5D45-4635-BBA4-C1F435E10896}.Debug|Win32.ActiveCfg = Debug|Win32
		{CF3C2CA5-5D45-4635-BBA4-C1F435E10896}.Debug|Win32.Build.0 = Debug|Win32
		{CF3C2CA5-5D45-4635-BBA4-C1F435E10896}.Debug|x64.ActiveCfg = Debug|Win32
		{CF3C2CA5-5D45-4635-BBA4-C1F435E10896}.Release|Win32.ActiveCfg = Release|Win32
		{CF3C2CA5-5D45-4635-BBA4-C1F435E10896}.Release|Win32.Build.0 = Release|Win32
		{CF3C2CA5-5D45-4635-BBA4-C1F435E10896}.Release|x64.ActiveCfg = Release|Win32
		{94CD7910-649A-4075-9F33-7EBEE614FD45}.Debug|Win32.ActiveCfg = Debug|Win32
		{94CD7910-649A-4075-9F33-7EBEE614FD45}.Debug|Win32.Build.0 = Debug|Win32
		{94CD7910-649A-4075-9F33-7EBEE614FD45}.Debug|x64.ActiveCfg = Debug|Win32
		{94CD7910-649A-4075-9F33-7EBEE614FD45}.Release|Win32.ActiveCfg = Release|Win32
		{94CD7910-649A-4075-9F33-7EBEE614FD45}.Release|Win32.Build.0 = Release|Win32
		{94CD7910-649A-4075-9F33-7EBEE614FD45}.Release|x64.ActiveCfg = Release|Win32
		{FAE39936-1DC7-40BB-AD3F-3B5B9E9AB0E8}.Debug|Win32.ActiveCfg = Debug|Win32
		{FAE39936-1DC7-40BB-AD3F-3B5B9E9AB0E8}.Debug|Win32.Build.0 = Debug|Win32
		{FAE39936-1DC7-40BB-AD3F-3B5B9E9AB0E8}.Debug|x64.ActiveCfg = Debug|Win32
		{FAE39936-1DC7-40BB-AD3F-3B5B9E9AB0E8}.Release|Win32.ActiveCfg = Release|Win32
		{FAE39936-1DC7-40BB-AD3F-3B5B9E9AB0E8}.Release|Win32.Build.0 = Release|Win32
		{FAE39936-1DC7-40BB-AD3F-3B5B9E9AB0E8}.Release|x64.ActiveCfg = Release|Win32
		{FF541CE2-DAA1-4F84-9883-0A0F111BAA0B}.Debug|Win32.ActiveCfg = Debug|Win32
		{FF541CE2-DAA1-4F84-9883-0A0F111BAA0B}.Debug|Win32.Build.0 = Debug|Win32
		{FF541CE2-DAA1-4F84-9883-0A0F111BAA0B}.Debug|x64.ActiveCfg = Debug|Win32
		{FF541CE2-DAA1-4F84-9883-0A0F111BAA0B}.Release|Win32.ActiveCfg = Release|Win32
		{FF541CE2-DAA1-4F84-9883-0A0F111BAA0B}.Release|Win32.Build.0 = Release|Win32
		{FF541CE2-DAA1-4F84-9883-0A0F111BAA0B}.Release|x64.ActiveCfg = Release|Win32
		{44316F22-904E-48AA-B841-5A3A6AC77319}.Debug|Win32.ActiveCfg = Debug|Win32
		{44316F22-904E-48AA-B841-5A3A6AC77319}.Debug|Win32.Build.0 = Debug|Win32
		{44316F22-904E-48AA-B841-5A3A6AC77319}.Debug|x64.ActiveCfg = Debug|Win32
		{44316F22-904E-48AA-B841-5A3A6AC77319}.Release|Win32.ActiveCfg = Release|Win32
		{44316F22-904E-48AA-B841-5A3A6AC77319}.Release|Win32.Build.0 = Release|Win32
		{44316F22-904E-48AA-B841-5A3A6AC77319}.Release|x64.ActiveCfg = Release|Win32
		{745DEC58-EBB3-47A9-A9B8-4C6627C01BF8}.Debug|Win32.ActiveCfg = Debug|Win32
		{745DEC58-EBB3-47A9-A9B8-4C6627C01BF8}.Debug|Win32.Build.0 = Debug|Win32
		{745DEC58-EBB3-47A9-A9B8-4C6627C01BF8}.Debug|x64.ActiveCfg = Debug|x64
		{745DEC58-EBB3-47A9-A9B8-4C6627C01BF8}.Debug|x64.Build.0 = Debug|x64
		{745DEC58-EBB3-47A9-A9B8-4C6627C01BF8}.Release|Win32.ActiveCfg = Release|Win32
		{745DEC58-EBB3-47A9-A9B8-4C6627C01BF8}.Release|Win32.Build.0 = Release|Win32
		{745DEC58-EBB3-47A9-A9B8-4C6627C01BF8}.Release|x64.ActiveCfg = Release|x64
		{745DEC58-EBB3-47A9-A9B8-4C6627C01BF8}.Release|x64.Build.0 = Release|x64
		{8787FAE9-BB59-4076-B9F8-2E45DF7E512E}.Debug|Win32.ActiveCfg = Debug|Win32
		{8787FAE9-BB59-4076-B9F8-2E45DF7E512E}.Debug|Win32.Build.0 = Debug|Win32
		{8787FAE9-BB59-4076-B9F8-2E45DF7E512E}.Debug|x64.ActiveCfg = Debug|Win32
		{8787FAE9-BB59-4076-B9F8-2E45DF7E512E}.Release|Win32.ActiveCfg = Release|Win32
		{8787FAE9-BB59-4076-B9F8-2E45DF7E512E}.Release|Win32.Build.0 = Release|Win32
		{8787FAE9-BB59-4076-B9F8-2E45DF7E512E}.Release|x64.ActiveCfg = Release|Win32
		{8CC04471-6F0D-486C-85F7-99F426393524}.Debug|Win32.ActiveCfg = Debug|Win32
		{8CC04471-6F0D-486C-85F7-99F426393524}.Debug|Win32.Build.0 = Debug|Win32
		{8CC04471-6F0D-486C-85F7-99F426393524}.Debug|x64.ActiveCfg = Debug|Win32
		{8CC04471-6F0D-486C-85F7-99F426393524}.Release|Win32.ActiveCfg = Release|Win32
		{8CC04471-6F0D-486C-85F7-99F426393524}.Release|Win32.Build.0 = Release|Win32
		{8CC04471-6F0D-486C-85F7-99F426393524}.Release|x64.ActiveCfg = Release|Win32
		{EAF08F88-5108-4DE3-98D7-7F05B2CA6BE7}.Debug|Win32.ActiveCfg = Debug|Win32
		{EAF08F88-5108-4DE3-98D7-7F05B2CA6BE7}.Debug|Win32.Build.0 = Debug|Win32
		{EAF08F88-5108-4DE3-98D7-7F05B2CA6BE7}.Debug|x64.ActiveCfg = Debug|Win32
		{EAF08F88-5108-4DE3-98D7-7F05B2CA6BE7}.Release|Win32.ActiveCfg = Release|Win32
		{EAF08F88-5108-4DE3-98D7-7F05B2CA6BE7}.Release|Win32.Build.0 = Release|Win32
		{EAF08F88-5108-4DE3-98D7-7F05B2CA6BE7}.Release|x64.ActiveCfg = Release|Win32
		{61B5C628-3580-4DD0-A3D7-D02AA942D18B}.Debug|Win32.ActiveCfg = Debug|Win32
		{61B5C628-3580-4DD0-A3D7-D02AA942D18B}.Debug|Win32.Build.0 = Debug|Win32
		{61B5C628-3580-4DD0-A3D7-D02AA942D18B}.Debug|x64.ActiveCfg = Debug|Win32
		{61B5C628-3580-4DD0-A3D7-D02AA942D18B}.Release|Win32.ActiveCfg = Release|Win32
		{61B5C628-3580-4DD0-A3D7-D02AA942D18B}.Release|Win32.Build.0 = Release|Win32
		{61B5C628-3580-4DD0-A3D7-D02AA942D18B}.Release|x64.ActiveCfg = Release|Win32
		{0A18A071-125E-442F-AFF7-A3F68ABECF99}.Debug|Win32.ActiveCfg = Debug|Win32
		{0A18A071-125E-442F-AFF7-A3F68ABECF99}.Debug|Win32.Build.0 = Debug|Win32
		{0A18A071-125E-442F-AFF7-A3F68ABECF99}.Debug|x64.ActiveCfg = Debug|x64
		{0A18A071-125E-442F-AFF7-A3F68ABECF99}.Debug|x64.Build.0 = Debug|x64
		{0A18A071-125E-442F-AFF7-A3F68ABECF99}.Release|Win32.ActiveCfg = Release|Win32
		{0A18A071-125E-442F-AFF7-A3F68ABECF99}.Release|Win32.Build.0 = Release|Win32
		{0A18A071-125E-442F-AFF7-A3F68ABECF99}.Release|x64.ActiveCfg = Release|x64
		{0A18A071-125E-442F-AFF7-A3F68ABECF99}.Release|x64.Build.0 = Release|x64
		{D18EA0C9-8C65-441D-884C-55EB43A84F2A}.Debug|Win32.ActiveCfg = Debug|Win32
		{D18EA0C9-8C65-441D-884C-55EB43A84F2A}.Debug|Win32.Build.0 = Debug|Win32
		{D18EA0C9-8C65-441D-884C-55EB43A84F2A}.Debug|x64.ActiveCfg = Debug|Win32
		{D18EA0C9-8C65-441D-884C-55EB43A84F2A}.Release|Win32.ActiveCfg = Release|Win32
		{D18EA0C9-8C65-441D-884C-55EB43A84F2A}.Release|Win32.Build.0 = Release|Win32
		{D18EA0C9-8C65-441D-884C-55EB43A84F2A}.Release|x64.ActiveCfg = Release|Win32
	EndGlobalSection
	GlobalSection(SolutionProperties) = preSolution
		HideSolutionNode = FALSE
	EndGlobalSection
	GlobalSection(ExtensibilityGlobals) = postSolution
		QtVersion = $(DefaultQtVersion)
	EndGlobalSection
EndGlobal
