<?xml version="1.0" encoding="utf-8"?>
<Project ToolsVersion="4.0" xmlns="http://schemas.microsoft.com/developer/msbuild/2003">
  <ItemGroup>
    <ClCompile Include="AbstractVstEditor.cpp" />
    <ClCompile Include="ChannelManagerDlg.cpp" />
    <ClCompile Include="ChildFrm.cpp" />
    <ClCompile Include="ColourEdit.cpp" />
    <ClCompile Include="ctrl_gen.cpp" />
    <ClCompile Include="ctrl_ins.cpp" />
    <ClCompile Include="ctrl_pat.cpp" />
    <ClCompile Include="ctrl_seq.cpp" />
    <ClCompile Include="DefaultVstEditor.cpp" />
    <ClCompile Include="dlg_misc.cpp" />
    <ClCompile Include="draw_pat.cpp" />
    <ClCompile Include="fxp.cpp" />
    <ClCompile Include="globals.cpp" />
    <ClCompile Include="mainbar.cpp" />
    <ClCompile Include="MainFrm.cpp" />
    <ClCompile Include="MIDIMappingDialog.cpp" />
    <ClCompile Include="misc_util.cpp" />
    <ClCompile Include="Mod2wave.cpp" />
    <ClCompile Include="ModConvert.cpp" />
    <ClCompile Include="Moddoc.cpp" />
    <ClCompile Include="Modedit.cpp" />
    <ClCompile Include="Moptions.cpp" />
    <ClCompile Include="Mpdlgs.cpp" />
    <ClCompile Include="mpt_midi.cpp" />
    <ClCompile Include="MPTHacks.cpp" />
    <ClCompile Include="PatternEditorDialogs.cpp" />
    <ClCompile Include="PSRatioCalc.cpp" />
    <ClCompile Include="SampleEditorDialogs.cpp" />
    <ClCompile Include="ScaleEnvPointsDlg.cpp" />
    <ClCompile Include="serialization_utils.cpp" />
    <ClCompile Include="SoundFilePlayConfig.cpp" />
    <ClCompile Include="StdAfx.cpp" />
    <ClCompile Include="tagging.cpp" />
    <ClCompile Include="Undo.cpp" />
    <ClCompile Include="view_gen.cpp" />
    <ClCompile Include="view_ins.cpp" />
    <ClCompile Include="view_pat.cpp" />
    <ClCompile Include="VSTEditor.cpp" />
    <ClCompile Include="vstplug.cpp" />
    <ClCompile Include="TuningDialog.cpp" />
    <ClCompile Include="tuningRatioMapWnd.cpp" />
    <ClCompile Include="test\test.cpp" />
    <ClCompile Include="mixer\mixutil.cpp">
      <Filter>mixer</Filter>
    </ClCompile>
    <ClCompile Include="pervasives\pervasives.cpp">
      <Filter>pervasives</Filter>
    </ClCompile>
    <ClCompile Include="mixgraph\core.cpp">
      <Filter>mixgraph</Filter>
    </ClCompile>
    <ClCompile Include="mixgraph\source_vertex.cpp">
      <Filter>mixgraph</Filter>
    </ClCompile>
    <ClCompile Include="mixgraph\vertex.cpp">
      <Filter>mixgraph</Filter>
    </ClCompile>
    <ClCompile Include="mixgraph\vst_vertex.cpp">
      <Filter>mixgraph</Filter>
    </ClCompile>
    <ClCompile Include="mixgraph\mixer.cpp" />
    <ClCompile Include="serializers\wao.cpp" />
    <ClCompile Include="legacy_soundlib\Fastmix.cpp" />
    <ClCompile Include="legacy_soundlib\Load_it.cpp" />
    <ClCompile Include="legacy_soundlib\Message.cpp" />
    <ClCompile Include="legacy_soundlib\Mmcmp.cpp" />
    <ClCompile Include="legacy_soundlib\Mmx_mix.cpp" />
    <ClCompile Include="legacy_soundlib\mod_specifications.cpp" />
    <ClCompile Include="legacy_soundlib\modcommand.cpp" />
    <ClCompile Include="legacy_soundlib\pattern.cpp" />
    <ClCompile Include="legacy_soundlib\patternContainer.cpp" />
    <ClCompile Include="legacy_soundlib\PlaybackEventer.cpp" />
    <ClCompile Include="legacy_soundlib\Sampleio.cpp" />
    <ClCompile Include="legacy_soundlib\Snd_fx.cpp" />
    <ClCompile Include="legacy_soundlib\Sndfile.cpp" />
    <ClCompile Include="legacy_soundlib\Tables.cpp" />
    <ClCompile Include="legacy_soundlib\tuning.cpp" />
    <ClCompile Include="legacy_soundlib\tuningbase.cpp" />
    <ClCompile Include="legacy_soundlib\tuningCollection.cpp" />
    <ClCompile Include="legacy_soundlib\WindowedFIR.cpp" />
    <ClCompile Include="audioio\paudio.cpp" />
    <ClCompile Include="pervasives\debug.cpp">
      <Filter>Generated Files</Filter>
    </ClCompile>
    <ClCompile Include="tracker\module_renderer.cpp">
      <Filter>Generated Files</Filter>
    </ClCompile>
    <ClCompile Include="legacy_soundlib\module_renderer_filters.cpp">
      <Filter>Source Files</Filter>
    </ClCompile>
    <ClCompile Include="legacy_soundlib\module_renderer_internal_mixer.cpp">
      <Filter>Source Files</Filter>
    </ClCompile>
    <ClCompile Include="legacy_soundlib\module_renderer_pcm_utils.cpp">
      <Filter>Source Files</Filter>
    </ClCompile>
    <ClCompile Include="tracker\modsequence.cpp">
      <Filter>Source Files</Filter>
    </ClCompile>
    <ClCompile Include="gui\qt5\app_config.cpp">
      <Filter>Generated Files</Filter>
    </ClCompile>
    <ClCompile Include="gui\qt5\colors.cpp">
      <Filter>Generated Files</Filter>
    </ClCompile>
    <ClCompile Include="gui\qt5\comment_editor.cpp">
      <Filter>Generated Files</Filter>
    </ClCompile>
    <ClCompile Include="gui\qt5\config_audioio.cpp">
      <Filter>Generated Files</Filter>
    </ClCompile>
    <ClCompile Include="gui\qt5\config_dialog.cpp">
      <Filter>Generated Files</Filter>
    </ClCompile>
    <ClCompile Include="gui\qt5\config_gui.cpp">
      <Filter>Generated Files</Filter>
    </ClCompile>
    <ClCompile Include="gui\qt5\document_window.cpp">
      <Filter>Generated Files</Filter>
    </ClCompile>
    <ClCompile Include="gui\qt5\keymap.cpp">
      <Filter>Generated Files</Filter>
    </ClCompile>
    <ClCompile Include="gui\qt5\mfc_root.cpp">
      <Filter>Generated Files</Filter>
    </ClCompile>
    <ClCompile Include="gui\qt5\order_editor.cpp">
      <Filter>Generated Files</Filter>
    </ClCompile>
    <ClCompile Include="gui\qt5\pattern_editor.cpp">
      <Filter>Generated Files</Filter>
    </ClCompile>
    <ClCompile Include="gui\qt5\pattern_editor_actions.cpp">
      <Filter>Generated Files</Filter>
    </ClCompile>
    <ClCompile Include="gui\qt5\pattern_editor_aux.cpp">
      <Filter>Generated Files</Filter>
    </ClCompile>
    <ClCompile Include="gui\qt5\song_overview.cpp">
      <Filter>Generated Files</Filter>
    </ClCompile>
    <ClCompile Include="GeneratedFiles\qrc_resources.cpp">
      <Filter>Generated Files</Filter>
    </ClCompile>
    <ClCompile Include="main.cpp">
      <Filter>Source Files</Filter>
    </ClCompile>
    <ClCompile Include="gui\qt5\main_window.cpp">
      <Filter>Generated Files</Filter>
    </ClCompile>
    <ClCompile Include="gui\qt5\graph_editor.cpp">
      <Filter>Generated Files</Filter>
    </ClCompile>
    <ClCompile Include="tracker\orderlist.cpp">
      <Filter>Generated Files</Filter>
    </ClCompile>
    <ClCompile Include="serializers\legacy_util.cpp">
      <Filter>Generated Files</Filter>
    </ClCompile>
    <ClCompile Include="legacy_soundlib\misc.cpp">
      <Filter>Generated Files</Filter>
    </ClCompile>
    <ClCompile Include="serializers\xm.cpp">
      <Filter>Generated Files</Filter>
    </ClCompile>
    <ClCompile Include="tracker\sample.cpp">
      <Filter>Generated Files</Filter>
    </ClCompile>
    <ClCompile Include="modformat\it\it_read.cpp">
      <Filter>Generated Files</Filter>
    </ClCompile>
    <ClCompile Include="modformat\xm\xm_read.cpp">
      <Filter>Generated Files</Filter>
    </ClCompile>
    <ClCompile Include="modformat\common\mptexts.cpp">
      <Filter>Generated Files</Filter>
    </ClCompile>
    <ClCompile Include="serializers\it.cpp">
      <Filter>Generated Files</Filter>
    </ClCompile>
    <ClCompile Include="modformat\it\it_common.cpp">
      <Filter>Generated Files</Filter>
    </ClCompile>
    <ClCompile Include="gui\qt5\sample_editor.cpp">
      <Filter>Generated Files</Filter>
    </ClCompile>
    <ClCompile Include="GeneratedFiles\Debug\moc_sample_editor.cpp">
      <Filter>Generated Files\Debug</Filter>
    </ClCompile>
    <ClCompile Include="GeneratedFiles\Release\moc_sample_editor.cpp">
      <Filter>Generated Files\Release</Filter>
    </ClCompile>
    <ClCompile Include="GeneratedFiles\Template\moc_sample_editor.cpp">
      <Filter>Generated Files\Template</Filter>
    </ClCompile>
    <ClCompile Include="GeneratedFiles\Debug\moc_song_overview.cpp">
      <Filter>Generated Files\Debug</Filter>
    </ClCompile>
    <ClCompile Include="GeneratedFiles\Release\moc_song_overview.cpp">
      <Filter>Generated Files\Release</Filter>
    </ClCompile>
    <ClCompile Include="GeneratedFiles\Template\moc_song_overview.cpp">
      <Filter>Generated Files\Template</Filter>
    </ClCompile>
    <ClCompile Include="GeneratedFiles\Debug\moc_pattern_editor_aux.cpp">
      <Filter>Generated Files\Debug</Filter>
    </ClCompile>
    <ClCompile Include="GeneratedFiles\Release\moc_pattern_editor_aux.cpp">
      <Filter>Generated Files\Release</Filter>
    </ClCompile>
    <ClCompile Include="GeneratedFiles\Template\moc_pattern_editor_aux.cpp">
      <Filter>Generated Files\Template</Filter>
    </ClCompile>
    <ClCompile Include="GeneratedFiles\Debug\moc_pattern_editor.cpp">
      <Filter>Generated Files\Debug</Filter>
    </ClCompile>
    <ClCompile Include="GeneratedFiles\Release\moc_pattern_editor.cpp">
      <Filter>Generated Files\Release</Filter>
    </ClCompile>
    <ClCompile Include="GeneratedFiles\Template\moc_pattern_editor.cpp">
      <Filter>Generated Files\Template</Filter>
    </ClCompile>
    <ClCompile Include="GeneratedFiles\Debug\moc_order_editor.cpp">
      <Filter>Generated Files\Debug</Filter>
    </ClCompile>
    <ClCompile Include="GeneratedFiles\Release\moc_order_editor.cpp">
      <Filter>Generated Files\Release</Filter>
    </ClCompile>
    <ClCompile Include="GeneratedFiles\Template\moc_order_editor.cpp">
      <Filter>Generated Files\Template</Filter>
    </ClCompile>
    <ClCompile Include="GeneratedFiles\Debug\moc_mfc_root.cpp">
      <Filter>Generated Files\Debug</Filter>
    </ClCompile>
    <ClCompile Include="GeneratedFiles\Release\moc_mfc_root.cpp">
      <Filter>Generated Files\Release</Filter>
    </ClCompile>
    <ClCompile Include="GeneratedFiles\Template\moc_mfc_root.cpp">
      <Filter>Generated Files\Template</Filter>
    </ClCompile>
    <ClCompile Include="GeneratedFiles\Debug\moc_main_window.cpp">
      <Filter>Generated Files\Debug</Filter>
    </ClCompile>
    <ClCompile Include="GeneratedFiles\Release\moc_main_window.cpp">
      <Filter>Generated Files\Release</Filter>
    </ClCompile>
    <ClCompile Include="GeneratedFiles\Template\moc_main_window.cpp">
      <Filter>Generated Files\Template</Filter>
    </ClCompile>
    <ClCompile Include="GeneratedFiles\Debug\moc_document_window.cpp">
      <Filter>Generated Files\Debug</Filter>
    </ClCompile>
    <ClCompile Include="GeneratedFiles\Release\moc_document_window.cpp">
      <Filter>Generated Files\Release</Filter>
    </ClCompile>
    <ClCompile Include="GeneratedFiles\Template\moc_document_window.cpp">
      <Filter>Generated Files\Template</Filter>
    </ClCompile>
    <ClCompile Include="GeneratedFiles\Debug\moc_graph_editor.cpp">
      <Filter>Generated Files\Debug</Filter>
    </ClCompile>
    <ClCompile Include="GeneratedFiles\Release\moc_graph_editor.cpp">
      <Filter>Generated Files\Release</Filter>
    </ClCompile>
    <ClCompile Include="GeneratedFiles\Template\moc_graph_editor.cpp">
      <Filter>Generated Files\Template</Filter>
    </ClCompile>
    <ClCompile Include="GeneratedFiles\Debug\moc_config_gui.cpp">
      <Filter>Generated Files\Debug</Filter>
    </ClCompile>
    <ClCompile Include="GeneratedFiles\Release\moc_config_gui.cpp">
      <Filter>Generated Files\Release</Filter>
    </ClCompile>
    <ClCompile Include="GeneratedFiles\Template\moc_config_gui.cpp">
      <Filter>Generated Files\Template</Filter>
    </ClCompile>
    <ClCompile Include="GeneratedFiles\Debug\moc_config_dialog.cpp">
      <Filter>Generated Files\Debug</Filter>
    </ClCompile>
    <ClCompile Include="GeneratedFiles\Release\moc_config_dialog.cpp">
      <Filter>Generated Files\Release</Filter>
    </ClCompile>
    <ClCompile Include="GeneratedFiles\Template\moc_config_dialog.cpp">
      <Filter>Generated Files\Template</Filter>
    </ClCompile>
    <ClCompile Include="GeneratedFiles\Debug\moc_config_audioio.cpp">
      <Filter>Generated Files\Debug</Filter>
    </ClCompile>
    <ClCompile Include="GeneratedFiles\Release\moc_config_audioio.cpp">
      <Filter>Generated Files\Release</Filter>
    </ClCompile>
    <ClCompile Include="GeneratedFiles\Template\moc_config_audioio.cpp">
      <Filter>Generated Files\Template</Filter>
    </ClCompile>
    <ClCompile Include="GeneratedFiles\Debug\moc_comment_editor.cpp">
      <Filter>Generated Files\Debug</Filter>
    </ClCompile>
    <ClCompile Include="GeneratedFiles\Release\moc_comment_editor.cpp">
      <Filter>Generated Files\Release</Filter>
    </ClCompile>
    <ClCompile Include="GeneratedFiles\Template\moc_comment_editor.cpp">
      <Filter>Generated Files\Template</Filter>
    </ClCompile>
    <ClCompile Include="GeneratedFiles\Debug\moc_app_config.cpp">
      <Filter>Generated Files\Debug</Filter>
    </ClCompile>
    <ClCompile Include="GeneratedFiles\Release\moc_app_config.cpp">
      <Filter>Generated Files\Release</Filter>
    </ClCompile>
    <ClCompile Include="GeneratedFiles\Template\moc_app_config.cpp">
      <Filter>Generated Files\Template</Filter>
    </ClCompile>
  </ItemGroup>
  <ItemGroup>
    <ClInclude Include="AbstractVstEditor.h" />
    <ClInclude Include="ChannelManagerDlg.h" />
    <ClInclude Include="ChildFrm.h" />
    <ClInclude Include="ColourEdit.h" />
    <ClInclude Include="ctrl_gen.h" />
    <ClInclude Include="ctrl_ins.h" />
    <ClInclude Include="ctrl_pat.h" />
    <ClInclude Include="DefaultVstEditor.h" />
    <ClInclude Include="dlg_misc.h" />
    <ClInclude Include="fxp.h" />
    <ClInclude Include="globals.h" />
    <ClInclude Include="mainbar.h" />
    <ClInclude Include="MainFrm.h" />
    <ClInclude Include="MIDIMappingDialog.h" />
    <ClInclude Include="misc_util.h" />
    <ClInclude Include="mod2wave.h" />
    <ClInclude Include="ModConvert.h" />
    <ClInclude Include="moddoc.h" />
    <ClInclude Include="Moptions.h" />
    <ClInclude Include="Mpdlgs.h" />
    <ClInclude Include="PatternEditorDialogs.h" />
    <ClInclude Include="PSRatioCalc.h" />
    <ClInclude Include="Resource.h" />
    <ClInclude Include="SampleEditorDialogs.h" />
    <ClInclude Include="ScaleEnvPointsDlg.h" />
    <ClInclude Include="serialization_utils.h" />
    <ClInclude Include="SoundFilePlayConfig.h" />
    <ClInclude Include="StdAfx.h" />
    <ClInclude Include="tagging.h" />
    <ClInclude Include="typedefs.h" />
    <ClInclude Include="Undo.h" />
    <ClInclude Include="version.h" />
    <ClInclude Include="view_gen.h" />
    <ClInclude Include="view_ins.h" />
    <ClInclude Include="view_pat.h" />
    <ClInclude Include="VSTEditor.h" />
    <ClInclude Include="vstplug.h" />
    <ClInclude Include="TuningDialog.h" />
    <ClInclude Include="tuningRatioMapWnd.h" />
    <ClInclude Include="test\test.h" />
    <ClInclude Include="mixer\mixutil.h">
      <Filter>mixer</Filter>
    </ClInclude>
    <ClInclude Include="legacy_soundlib\WindowedFIR.h" />
    <ClInclude Include="legacy_soundlib\Endianness.h" />
    <ClInclude Include="legacy_soundlib\IT_DEFS.H" />
    <ClInclude Include="legacy_soundlib\Loaders.h" />
    <ClInclude Include="legacy_soundlib\midi.h" />
    <ClInclude Include="legacy_soundlib\mod_specifications.h" />
    <ClInclude Include="legacy_soundlib\pattern.h" />
    <ClInclude Include="legacy_soundlib\patternContainer.h" />
    <ClInclude Include="legacy_soundlib\PlaybackEventer.h" />
    <ClInclude Include="legacy_soundlib\Sndfile.h" />
    <ClInclude Include="legacy_soundlib\tuning.h" />
    <ClInclude Include="legacy_soundlib\tuningbase.h" />
    <ClInclude Include="legacy_soundlib\tuningcollection.h" />
    <ClInclude Include="legacy_soundlib\Wav.h" />
    <ClInclude Include="legacy_soundlib\wavConverter.h" />
    <ClInclude Include="legacy_soundlib\Snd_defs.h">
      <Filter>Header Files</Filter>
    </ClInclude>
    <ClInclude Include="InputHandler.h">
      <Filter>Generated Files</Filter>
    </ClInclude>
    <ClInclude Include="main.h">
      <Filter>Header Files</Filter>
    </ClInclude>
    <ClInclude Include="legacy_soundlib\misc.h">
      <Filter>Generated Files</Filter>
    </ClInclude>
    <ClInclude Include="serializers\it.hpp">
      <Filter>Generated Files</Filter>
    </ClInclude>
    <ClInclude Include="modformat\it\it.hpp">
      <Filter>Generated Files</Filter>
    </ClInclude>
    <ClInclude Include="serializers\xm.hpp">
      <Filter>Generated Files</Filter>
    </ClInclude>
    <ClInclude Include="serializers\samplecodec.hpp">
      <Filter>Generated Files</Filter>
    </ClInclude>
    <ClInclude Include="serializers\wao.hpp">
      <Filter>Header Files</Filter>
    </ClInclude>
    <ClInclude Include="serializers\legacy_util.hpp">
      <Filter>Generated Files</Filter>
    </ClInclude>
    <ClInclude Include="modformat\xm\xm.hpp">
      <Filter>Generated Files</Filter>
    </ClInclude>
    <ClInclude Include="modformat\common\mptexts.hpp">
      <Filter>Generated Files</Filter>
    </ClInclude>
    <ClInclude Include="pervasives\type.hpp">
      <Filter>Generated Files</Filter>
    </ClInclude>
    <ClInclude Include="pervasives\static_assoc.hpp">
      <Filter>Generated Files</Filter>
    </ClInclude>
    <ClInclude Include="pervasives\pervasives.hpp">
      <Filter>pervasives</Filter>
    </ClInclude>
    <ClInclude Include="pervasives\option.hpp">
      <Filter>Generated Files</Filter>
    </ClInclude>
    <ClInclude Include="pervasives\minmax.hpp">
      <Filter>Generated Files</Filter>
    </ClInclude>
    <ClInclude Include="pervasives\debug.hpp">
      <Filter>Generated Files</Filter>
    </ClInclude>
    <ClInclude Include="pervasives\bitset.hpp">
      <Filter>Generated Files</Filter>
    </ClInclude>
    <ClInclude Include="pervasives\binaryprint.hpp">
      <Filter>Generated Files</Filter>
    </ClInclude>
    <ClInclude Include="pervasives\binaryparse.hpp">
      <Filter>Generated Files</Filter>
    </ClInclude>
    <ClInclude Include="mixgraph\constants.hpp">
      <Filter>mixgraph</Filter>
    </ClInclude>
    <ClInclude Include="mixgraph\core.hpp">
      <Filter>mixgraph</Filter>
    </ClInclude>
    <ClInclude Include="mixgraph\mixer.hpp">
      <Filter>Header Files</Filter>
    </ClInclude>
    <ClInclude Include="mixgraph\source_vertex.hpp">
      <Filter>mixgraph</Filter>
    </ClInclude>
    <ClInclude Include="mixgraph\vertex.hpp">
      <Filter>mixgraph</Filter>
    </ClInclude>
    <ClInclude Include="mixgraph\vst_vertex.hpp">
      <Filter>mixgraph</Filter>
    </ClInclude>
    <ClInclude Include="audioio\paudio.hpp">
      <Filter>Header Files</Filter>
    </ClInclude>
    <ClInclude Include="tracker\types.hpp">
      <Filter>Generated Files</Filter>
    </ClInclude>
    <ClInclude Include="tracker\tracker.hpp">
      <Filter>tracker</Filter>
    </ClInclude>
    <ClInclude Include="tracker\sample.hpp">
      <Filter>Generated Files</Filter>
    </ClInclude>
    <ClInclude Include="tracker\orderlist.hpp">
      <Filter>Generated Files</Filter>
    </ClInclude>
    <ClInclude Include="tracker\modsequence.hpp">
      <Filter>Header Files</Filter>
    </ClInclude>
    <ClInclude Include="tracker\modevent.hpp">
      <Filter>tracker</Filter>
    </ClInclude>
    <ClInclude Include="tracker\constants.hpp">
      <Filter>Generated Files</Filter>
    </ClInclude>
    <ClInclude Include="gui\qt5\util.hpp">
      <Filter>Generated Files</Filter>
    </ClInclude>
    <ClInclude Include="gui\qt5\pattern_editor_types.hpp">
      <Filter>Generated Files</Filter>
    </ClInclude>
    <ClInclude Include="gui\qt5\pattern_editor_column.hpp">
      <Filter>Generated Files</Filter>
    </ClInclude>
    <ClInclude Include="gui\qt5\pattern_editor_actions.hpp">
      <Filter>Generated Files</Filter>
    </ClInclude>
    <ClInclude Include="gui\qt5\pattern_bitmap_fonts.hpp">
      <Filter>Generated Files</Filter>
    </ClInclude>
    <ClInclude Include="gui\qt5\keymap.hpp">
      <Filter>Generated Files</Filter>
    </ClInclude>
    <ClInclude Include="gui\qt5\colors.hpp">
      <Filter>Generated Files</Filter>
    </ClInclude>
    <ClInclude Include="modformat\internal.hpp">
      <Filter>Generated Files</Filter>
    </ClInclude>
  </ItemGroup>
  <ItemGroup>
    <ResourceCompile Include="mptrack.rc" />
  </ItemGroup>
  <ItemGroup>
    <None Include="res\bitmap1.bmp" />
    <None Include="res\colors.bmp" />
    <None Include="res\dragging.cur" />
    <None Include="Res\envbar.bmp" />
    <None Include="res\img_list.bmp" />
    <None Include="res\mainbar.bmp" />
    <None Include="res\moddoc.ico" />
    <None Include="res\MPTRACK.bmp" />
    <None Include="res\mptrack.ico" />
    <None Include="res\mptrack.rc2" />
    <None Include="Res\nodrag.cur" />
    <None Include="res\nodrop.cur" />
    <None Include="res\patterns.bmp" />
    <None Include="res\rt_manif.bin" />
    <None Include="Res\smptoolb.bmp" />
    <None Include="res\splashno.bmp" />
    <None Include="res\view_pat.bmp" />
    <None Include="res\visnode1.bmp" />
    <None Include="res\vispcnode.bmp" />
    <None Include="res\vumeters.bmp" />
    <None Include="res\built-inTunings.tc" />
    <None Include="res\defaultKeybindings.mkb" />
    <None Include="mptrack.reg" />
    <None Include="VTune\mptrack.vpj" />
  </ItemGroup>
  <ItemGroup>
    <Filter Include="mixer">
      <UniqueIdentifier>{01bb63ce-b410-4179-a96b-dede1a6cdc8a}</UniqueIdentifier>
    </Filter>
    <Filter Include="pervasives">
      <UniqueIdentifier>{aa00e032-7a0f-42a7-9d75-e1efd2a8efa6}</UniqueIdentifier>
    </Filter>
    <Filter Include="mixgraph">
      <UniqueIdentifier>{3339e9b4-f7e6-4584-9585-d530a2b17205}</UniqueIdentifier>
    </Filter>
    <Filter Include="tracker">
      <UniqueIdentifier>{8965bbf4-8430-4d43-81b0-d86bb8d0be4b}</UniqueIdentifier>
    </Filter>
    <Filter Include="agg">
      <UniqueIdentifier>{655f80f1-0bdb-42e0-94de-2724a2b4ffed}</UniqueIdentifier>
    </Filter>
    <Filter Include="Form Files">
      <UniqueIdentifier>{99349809-55BA-4b9d-BF79-8FDBB0286EB3}</UniqueIdentifier>
      <Extensions>ui</Extensions>
      <ParseFiles>true</ParseFiles>
    </Filter>
    <Filter Include="Generated Files">
      <UniqueIdentifier>{71ED8ED8-ACB9-4CE9-BBE1-E00B30144E11}</UniqueIdentifier>
      <Extensions>moc;h;cpp</Extensions>
      <ParseFiles>true</ParseFiles>
    </Filter>
    <Filter Include="Generated Files\Debug">
      <UniqueIdentifier>{4d2f49a5-fe8c-4a45-a7fa-6fa87f9638dc}</UniqueIdentifier>
      <Extensions>cpp;moc</Extensions>
      <SourceControlFiles>False</SourceControlFiles>
    </Filter>
    <Filter Include="Generated Files\Release">
      <UniqueIdentifier>{fbdb8e4b-c0a3-4d5b-b172-9fe76368b63d}</UniqueIdentifier>
      <Extensions>cpp;moc</Extensions>
      <SourceControlFiles>False</SourceControlFiles>
    </Filter>
    <Filter Include="Generated Files\Template">
      <UniqueIdentifier>{58638deb-9a0e-4b3d-b377-2cde017649f3}</UniqueIdentifier>
      <Extensions>cpp;moc</Extensions>
      <SourceControlFiles>False</SourceControlFiles>
    </Filter>
    <Filter Include="Source Files">
      <UniqueIdentifier>{4FC737F1-C7A5-4376-A066-2A32D752A2FF}</UniqueIdentifier>
      <Extensions>cpp;cxx;c;def</Extensions>
      <ParseFiles>true</ParseFiles>
    </Filter>
    <Filter Include="Header Files">
      <UniqueIdentifier>{93995380-89BD-4b04-88EB-625FBE52EBFB}</UniqueIdentifier>
      <Extensions>h</Extensions>
      <ParseFiles>true</ParseFiles>
    </Filter>
    <Filter Include="Resource Files">
      <UniqueIdentifier>{D9D6E242-F8AF-46E4-B9FD-80ECBC20BA3E}</UniqueIdentifier>
      <Extensions>qrc;*</Extensions>
      <ParseFiles>false</ParseFiles>
    </Filter>
  </ItemGroup>
  <ItemGroup>
    <CustomBuild Include="gui\qt5\resources\resources.qrc">
      <Filter>Resource Files</Filter>
    </CustomBuild>
    <CustomBuild Include="gui\qt5\sample_editor.hpp">
      <Filter>Generated Files</Filter>
    </CustomBuild>
    <CustomBuild Include="gui\qt5\song_overview.hpp">
      <Filter>Generated Files</Filter>
    </CustomBuild>
    <CustomBuild Include="gui\qt5\pattern_editor_aux.hpp">
      <Filter>Generated Files</Filter>
    </CustomBuild>
    <CustomBuild Include="gui\qt5\pattern_editor.hpp">
      <Filter>Generated Files</Filter>
    </CustomBuild>
    <CustomBuild Include="gui\qt5\order_editor.hpp">
      <Filter>Generated Files</Filter>
    </CustomBuild>
    <CustomBuild Include="gui\qt5\mfc_root.hpp">
      <Filter>Generated Files</Filter>
    </CustomBuild>
    <CustomBuild Include="gui\qt5\main_window.hpp">
      <Filter>Generated Files</Filter>
    </CustomBuild>
    <CustomBuild Include="gui\qt5\document_window.hpp">
      <Filter>Generated Files</Filter>
    </CustomBuild>
    <CustomBuild Include="gui\qt5\graph_editor.hpp">
      <Filter>Generated Files</Filter>
    </CustomBuild>
    <CustomBuild Include="gui\qt5\config_gui.hpp">
      <Filter>Generated Files</Filter>
    </CustomBuild>
    <CustomBuild Include="gui\qt5\config_dialog.hpp">
      <Filter>Generated Files</Filter>
    </CustomBuild>
    <CustomBuild Include="gui\qt5\config_audioio.hpp">
      <Filter>Generated Files</Filter>
    </CustomBuild>
    <CustomBuild Include="gui\qt5\comment_editor.hpp">
      <Filter>Generated Files</Filter>
    </CustomBuild>
    <CustomBuild Include="gui\qt5\app_config.hpp">
      <Filter>Generated Files</Filter>
    </CustomBuild>
  </ItemGroup>
</Project>